
Microsoft Visual Studio Solution File, Format Version 12.00
# Visual Studio 2012
Project("{FAE04EC0-301F-11D3-BF4B-00C04F79EFBC}") = "Panasonic", "Panasonic\Panasonic.csproj", "{4D1E7013-6A5B-4858-A344-015FAD6B764B}"
EndProject
Project("{FAE04EC0-301F-11D3-BF4B-00C04F79EFBC}") = "PanasonicDebug", "PanasonicDebug\PanasonicDebug.csproj", "{CBD1F417-9609-4797-A719-50210370D856}"
EndProject
Global
	GlobalSection(SolutionConfigurationPlatforms) = preSolution
		Debug|Any CPU = Debug|Any CPU
		Release|Any CPU = Release|Any CPU
	EndGlobalSection
	GlobalSection(ProjectConfigurationPlatforms) = postSolution
		{4D1E7013-6A5B-4858-A344-015FAD6B764B}.Debug|Any CPU.ActiveCfg = Debug|Any CPU
		{4D1E7013-6A5B-4858-A344-015FAD6B764B}.Debug|Any CPU.Build.0 = Debug|Any CPU
		{4D1E7013-6A5B-4858-A344-015FAD6B764B}.Release|Any CPU.ActiveCfg = Release|Any CPU
		{4D1E7013-6A5B-4858-A344-015FAD6B764B}.Release|Any CPU.Build.0 = Release|Any CPU
		{CBD1F417-9609-4797-A719-50210370D856}.Debug|Any CPU.ActiveCfg = Debug|Any CPU
		{CBD1F417-9609-4797-A719-50210370D856}.Debug|Any CPU.Build.0 = Debug|Any CPU
		{CBD1F417-9609-4797-A719-50210370D856}.Release|Any CPU.ActiveCfg = Release|Any CPU
		{CBD1F417-9609-4797-A719-50210370D856}.Release|Any CPU.Build.0 = Release|Any CPU
	EndGlobalSection
	GlobalSection(SolutionProperties) = preSolution
		HideSolutionNode = FALSE
	EndGlobalSection
EndGlobal
